
Microsoft Visual Studio Solution File, Format Version 12.00
# Visual Studio Version 17
VisualStudioVersion = 17.14.36705.20 d17.14
MinimumVisualStudioVersion = 10.0.40219.1
Project("{FAE04EC0-301F-11D3-BF4B-00C04F79EFBC}") = "DemoMazeGame", "DempMazeGame\DemoMazeGame.csproj", "{4096B133-2D50-4598-BFA0-3C248CB4037A}"
EndProject
Global
	GlobalSection(SolutionConfigurationPlatforms) = preSolution
		Debug|Any CPU = Debug|Any CPU
		Release|Any CPU = Release|Any CPU
	EndGlobalSection
	GlobalSection(ProjectConfigurationPlatforms) = postSolution
		{4096B133-2D50-4598-BFA0-3C248CB4037A}.Debug|Any CPU.ActiveCfg = Debug|Any CPU
		{4096B133-2D50-4598-BFA0-3C248CB4037A}.Debug|Any CPU.Build.0 = Debug|Any CPU
		{4096B133-2D50-4598-BFA0-3C248CB4037A}.Release|Any CPU.ActiveCfg = Release|Any CPU
		{4096B133-2D50-4598-BFA0-3C248CB4037A}.Release|Any CPU.Build.0 = Release|Any CPU
	EndGlobalSection
	GlobalSection(SolutionProperties) = preSolution
		HideSolutionNode = FALSE
	EndGlobalSection
	GlobalSection(ExtensibilityGlobals) = postSolution
		SolutionGuid = {C8680490-1D72-4185-BF87-A72D068BFE68}
	EndGlobalSection
EndGlobal
